{
    "_readme": [
        "This file locks the dependencies of your project to a known state",
        "Read more about it at https://getcomposer.org/doc/01-basic-usage.md#installing-dependencies",
        "This file is @generated automatically"
    ],
    "content-hash": "d8f3c8353d779cd4238b05e9a34cd774",
    "packages": [
        {
            "name": "hexydec/cssdoc",
            "version": "1.2.2",
            "source": {
                "type": "git",
                "url": "https://github.com/hexydec/cssdoc.git",
                "reference": "c955fa047217cf76d730744722fef3839b22ff42"
            },
            "dist": {
                "type": "zip",
                "url": "https://api.github.com/repos/hexydec/cssdoc/zipball/c955fa047217cf76d730744722fef3839b22ff42",
                "reference": "c955fa047217cf76d730744722fef3839b22ff42",
                "shasum": ""
            },
            "require": {
                "hexydec/tokenise": "1.0.3",
                "php": ">=8.0"
            },
            "require-dev": {
                "phpstan/phpstan": "^1.10",
                "phpunit/phpunit": "^10.5"
            },
            "type": "library",
            "autoload": {
                "classmap": [
                    "src/"
                ]
            },
            "notification-url": "https://packagist.org/downloads/",
            "license": [
                "MIT"
            ],
            "authors": [
                {
                    "name": "Will Earp",
                    "email": "will@hexydec.com",
                    "homepage": "https://github.com/hexydec"
                }
            ],
            "description": "A token based CSS Document parser and minifier written in PHP",
            "homepage": "https://github.com/hexydec/cssdoc",
            "keywords": [
                "compiler",
                "css",
                "minifier",
                "minify",
                "parser",
                "stylesheet"
            ],
            "support": {
                "issues": "https://github.com/hexydec/cssdoc/issues",
                "source": "https://github.com/hexydec/cssdoc/tree/1.2.2"
            },
            "time": "2025-07-15T21:23:58+00:00"
        },
        {
            "name": "hexydec/htmldoc",
            "version": "dev-master",
            "source": {
                "type": "git",
                "url": "https://github.com/hexydec/htmldoc.git",
                "reference": "7724d4695d70dc7b02ec6816e9b711877b9162ca"
            },
            "dist": {
                "type": "zip",
                "url": "https://api.github.com/repos/hexydec/htmldoc/zipball/7724d4695d70dc7b02ec6816e9b711877b9162ca",
                "reference": "7724d4695d70dc7b02ec6816e9b711877b9162ca",
                "shasum": ""
            },
            "require": {
                "hexydec/cssdoc": "1.2.2",
                "hexydec/jslite": "1.0.6",
                "hexydec/tokenise": "1.0.3",
                "php": ">=8.1"
            },
            "require-dev": {
                "phpstan/phpstan": "^1.10",
                "phpunit/phpunit": "10.1.2"
            },
            "default-branch": true,
            "type": "library",
            "autoload": {
                "classmap": [
                    "src/"
                ]
            },
            "notification-url": "https://packagist.org/downloads/",
            "license": [
                "MIT"
            ],
            "authors": [
                {
                    "name": "Will Earp",
                    "email": "will@hexydec.com",
                    "homepage": "https://github.com/hexydec"
                }
            ],
            "description": "A token based HTML document parser and minifier. Minify HTML documents including inline CSS, Javascript, and SVG's on the fly. Extract document text, attributes, and fragments. Full test suite.",
            "homepage": "https://github.com/hexydec/htmldoc",
            "keywords": [
                "compiler",
                "css",
                "dom",
                "html",
                "javascript",
                "minifier",
                "minify",
                "parser",
                "simplehtmldom",
                "svg",
                "xml"
            ],
            "support": {
                "issues": "https://github.com/hexydec/htmldoc/issues",
                "source": "https://github.com/hexydec/htmldoc/tree/master"
            },
            "time": "2025-12-04T22:51:46+00:00"
        },
        {
            "name": "hexydec/jslite",
            "version": "1.0.6",
            "source": {
                "type": "git",
                "url": "https://github.com/hexydec/jslite.git",
                "reference": "c480981002591c7cde13eea9547a204723953055"
            },
            "dist": {
                "type": "zip",
                "url": "https://api.github.com/repos/hexydec/jslite/zipball/c480981002591c7cde13eea9547a204723953055",
                "reference": "c480981002591c7cde13eea9547a204723953055",
                "shasum": ""
            },
            "require": {
                "hexydec/tokenise": "1.0.3",
                "php": ">=8.1"
            },
            "require-dev": {
                "phpstan/phpstan": "^1.10",
                "phpunit/phpunit": "^10.5"
            },
            "type": "library",
            "autoload": {
                "classmap": [
                    "src/"
                ]
            },
            "notification-url": "https://packagist.org/downloads/",
            "license": [
                "MIT"
            ],
            "authors": [
                {
                    "name": "Will Earp",
                    "email": "will@hexydec.com",
                    "homepage": "https://github.com/hexydec"
                }
            ],
            "description": "A token based Javascript parser/minifier designed for compressing inline scripts on the fly, written in PHP",
            "homepage": "https://github.com/hexydec/jslite",
            "keywords": [
                "JS",
                "compiler",
                "javascript",
                "minifier",
                "minify",
                "parser"
            ],
            "support": {
                "issues": "https://github.com/hexydec/jslite/issues",
                "source": "https://github.com/hexydec/jslite/tree/1.0.6"
            },
            "time": "2025-07-15T21:30:06+00:00"
        },
        {
            "name": "hexydec/tokenise",
            "version": "1.0.3",
            "source": {
                "type": "git",
                "url": "https://github.com/hexydec/tokenise.git",
                "reference": "39e8f98ebb420dbfeb3bf0e41fbaf1cc1c3eef50"
            },
            "dist": {
                "type": "zip",
                "url": "https://api.github.com/repos/hexydec/tokenise/zipball/39e8f98ebb420dbfeb3bf0e41fbaf1cc1c3eef50",
                "reference": "39e8f98ebb420dbfeb3bf0e41fbaf1cc1c3eef50",
                "shasum": ""
            },
            "require": {
                "php": ">=8.1"
            },
            "require-dev": {
                "phpstan/phpstan": "^1.12",
                "phpunit/phpunit": "^10.5"
            },
            "type": "library",
            "autoload": {
                "classmap": [
                    "src/"
                ]
            },
            "notification-url": "https://packagist.org/downloads/",
            "license": [
                "MIT"
            ],
            "authors": [
                {
                    "name": "Will Earp",
                    "email": "will@hexydec.com",
                    "homepage": "https://github.com/hexydec"
                }
            ],
            "description": "A program for performing lexical analysis, written in PHP",
            "homepage": "https://github.com/hexydec/tokenise",
            "keywords": [
                "lexical",
                "lexing",
                "parser",
                "tokenisation",
                "tokeniser",
                "tokenization",
                "tokenizer"
            ],
            "support": {
                "issues": "https://github.com/hexydec/tokenise/issues",
                "source": "https://github.com/hexydec/tokenise/tree/1.0.3"
            },
            "time": "2025-07-15T16:08:27+00:00"
        }
    ],
    "packages-dev": [],
    "aliases": [],
    "minimum-stability": "beta",
    "stability-flags": {
        "hexydec/htmldoc": 20
    },
    "prefer-stable": false,
    "prefer-lowest": false,
    "platform": {},
    "platform-dev": {},
    "plugin-api-version": "2.6.0"
}
